PODS:
  - SKCurrencyPickerView (1.0.0)

DEPENDENCIES:
  - SKCurrencyPickerView (from `SKCurrencyPicker/.`)

EXTERNAL SOURCES:
  SKCurrencyPickerView:
    :path: SKCurrencyPicker/.

SPEC CHECKSUMS:
  SKCurrencyPickerView: 8c0d6d22752d77a908ead254bd7adac23068da4a

PODFILE CHECKSUM: c4922ee78fe75362ceaeb11cecc97b83641e3928

COCOAPODS: 1.16.2
